
Microsoft Visual Studio Solution File, Format Version 12.00
# Visual Studio Version 17
VisualStudioVersion = 17.4.33205.214
MinimumVisualStudioVersion = 10.0.40219.1
Project("{9A19103F-16F7-4668-BE54-9A1E7A4F7556}") = "AutomationPlus", "AutomationPlus.csproj", "{53CA8549-AB65-4FE3-BEE9-EF961293B427}"
EndProject
Global
	GlobalSection(SolutionConfigurationPlatforms) = preSolution
		Debug|Any CPU = Debug|Any CPU
		Release|Any CPU = Release|Any CPU
	EndGlobalSection
	GlobalSection(ProjectConfigurationPlatforms) = postSolution
		{53CA8549-AB65-4FE3-BEE9-EF961293B427}.Debug|Any CPU.ActiveCfg = Debug|Any CPU
		{53CA8549-AB65-4FE3-BEE9-EF961293B427}.Debug|Any CPU.Build.0 = Debug|Any CPU
		{53CA8549-AB65-4FE3-BEE9-EF961293B427}.Release|Any CPU.ActiveCfg = Release|Any CPU
		{53CA8549-AB65-4FE3-BEE9-EF961293B427}.Release|Any CPU.Build.0 = Release|Any CPU
	EndGlobalSection
	GlobalSection(SolutionProperties) = preSolution
		HideSolutionNode = FALSE
	EndGlobalSection
	GlobalSection(ExtensibilityGlobals) = postSolution
		SolutionGuid = {5AF9E7B0-0E5B-4B5D-B041-588530F91C64}
	EndGlobalSection
EndGlobal
